
Microsoft Visual Studio Solution File, Format Version 11.00
# Visual Studio 2010
Project("{FAE04EC0-301F-11D3-BF4B-00C04F79EFBC}") = "caliculateprogram", "Assembly-CSharp-firstpass.csproj", "{579EE514-6C43-BE46-18AF-5C379AF3F4C6}"
EndProject
Project("{FAE04EC0-301F-11D3-BF4B-00C04F79EFBC}") = "caliculateprogram", "Assembly-CSharp.csproj", "{8E93C95C-01B8-41C4-B5E8-955CA27A8FC4}"
EndProject
Project("{FAE04EC0-301F-11D3-BF4B-00C04F79EFBC}") = "caliculateprogram", "Assembly-CSharp-Editor.csproj", "{734C7082-090D-D237-8124-A95ADE0671EF}"
EndProject
Global
	GlobalSection(SolutionConfigurationPlatforms) = preSolution
		Debug|Any CPU = Debug|Any CPU
		Release|Any CPU = Release|Any CPU
	EndGlobalSection
	GlobalSection(ProjectConfigurationPlatforms) = postSolution
		{579EE514-6C43-BE46-18AF-5C379AF3F4C6}.Debug|Any CPU.ActiveCfg = Debug|Any CPU
		{579EE514-6C43-BE46-18AF-5C379AF3F4C6}.Debug|Any CPU.Build.0 = Debug|Any CPU
		{579EE514-6C43-BE46-18AF-5C379AF3F4C6}.Release|Any CPU.ActiveCfg = Release|Any CPU
		{579EE514-6C43-BE46-18AF-5C379AF3F4C6}.Release|Any CPU.Build.0 = Release|Any CPU
		{8E93C95C-01B8-41C4-B5E8-955CA27A8FC4}.Debug|Any CPU.ActiveCfg = Debug|Any CPU
		{8E93C95C-01B8-41C4-B5E8-955CA27A8FC4}.Debug|Any CPU.Build.0 = Debug|Any CPU
		{8E93C95C-01B8-41C4-B5E8-955CA27A8FC4}.Release|Any CPU.ActiveCfg = Release|Any CPU
		{8E93C95C-01B8-41C4-B5E8-955CA27A8FC4}.Release|Any CPU.Build.0 = Release|Any CPU
		{734C7082-090D-D237-8124-A95ADE0671EF}.Debug|Any CPU.ActiveCfg = Debug|Any CPU
		{734C7082-090D-D237-8124-A95ADE0671EF}.Debug|Any CPU.Build.0 = Debug|Any CPU
		{734C7082-090D-D237-8124-A95ADE0671EF}.Release|Any CPU.ActiveCfg = Release|Any CPU
		{734C7082-090D-D237-8124-A95ADE0671EF}.Release|Any CPU.Build.0 = Release|Any CPU
	EndGlobalSection
	GlobalSection(SolutionProperties) = preSolution
		HideSolutionNode = FALSE
	EndGlobalSection
	GlobalSection(MonoDevelopProperties) = preSolution
		StartupItem = Assembly-CSharp.csproj
	EndGlobalSection
EndGlobal
