Microsoft Visual Studio Solution File, Format Version 12.00
# Visual Studio 2015
Project("{FAE04EC0-301F-11D3-BF4B-00C04F79EFBC}") = "SetMapItemGame.Plugins", "SetMapItemGame.Plugins.csproj", "{AF4053B3-FD1F-DBDC-DFAF-D0084AA52409}"
EndProject
Project("{FAE04EC0-301F-11D3-BF4B-00C04F79EFBC}") = "SetMapItemGame", "SetMapItemGame.csproj", "{D1CD0ED1-531C-B8BF-1493-B66DD2136685}"
EndProject
Project("{FAE04EC0-301F-11D3-BF4B-00C04F79EFBC}") = "SetMapItemGame.Editor.Plugins", "SetMapItemGame.Editor.Plugins.csproj", "{312DB740-3FD2-91FE-537F-CFC197A27F18}"
EndProject
Project("{FAE04EC0-301F-11D3-BF4B-00C04F79EFBC}") = "SetMapItemGame.Editor", "SetMapItemGame.Editor.csproj", "{8AF25BC5-D227-BCFA-A270-ABA9115D541D}"
EndProject
Global
	GlobalSection(SolutionConfigurationPlatforms) = preSolution
		Debug|Any CPU = Debug|Any CPU
		Release|Any CPU = Release|Any CPU
	EndGlobalSection
	GlobalSection(ProjectConfigurationPlatforms) = postSolution
		{AF4053B3-FD1F-DBDC-DFAF-D0084AA52409}.Debug|Any CPU.ActiveCfg = Debug|Any CPU
		{AF4053B3-FD1F-DBDC-DFAF-D0084AA52409}.Debug|Any CPU.Build.0 = Debug|Any CPU
		{AF4053B3-FD1F-DBDC-DFAF-D0084AA52409}.Release|Any CPU.ActiveCfg = Release|Any CPU
		{AF4053B3-FD1F-DBDC-DFAF-D0084AA52409}.Release|Any CPU.Build.0 = Release|Any CPU
		{D1CD0ED1-531C-B8BF-1493-B66DD2136685}.Debug|Any CPU.ActiveCfg = Debug|Any CPU
		{D1CD0ED1-531C-B8BF-1493-B66DD2136685}.Debug|Any CPU.Build.0 = Debug|Any CPU
		{D1CD0ED1-531C-B8BF-1493-B66DD2136685}.Release|Any CPU.ActiveCfg = Release|Any CPU
		{D1CD0ED1-531C-B8BF-1493-B66DD2136685}.Release|Any CPU.Build.0 = Release|Any CPU
		{312DB740-3FD2-91FE-537F-CFC197A27F18}.Debug|Any CPU.ActiveCfg = Debug|Any CPU
		{312DB740-3FD2-91FE-537F-CFC197A27F18}.Debug|Any CPU.Build.0 = Debug|Any CPU
		{312DB740-3FD2-91FE-537F-CFC197A27F18}.Release|Any CPU.ActiveCfg = Release|Any CPU
		{312DB740-3FD2-91FE-537F-CFC197A27F18}.Release|Any CPU.Build.0 = Release|Any CPU
		{8AF25BC5-D227-BCFA-A270-ABA9115D541D}.Debug|Any CPU.ActiveCfg = Debug|Any CPU
		{8AF25BC5-D227-BCFA-A270-ABA9115D541D}.Debug|Any CPU.Build.0 = Debug|Any CPU
		{8AF25BC5-D227-BCFA-A270-ABA9115D541D}.Release|Any CPU.ActiveCfg = Release|Any CPU
		{8AF25BC5-D227-BCFA-A270-ABA9115D541D}.Release|Any CPU.Build.0 = Release|Any CPU
	EndGlobalSection
EndGlobal
