Microsoft Visual Studio Solution File, Format Version 11.00
# Visual Studio 2010
Project("{FAE04EC0-301F-11D3-BF4B-00C04F79EFBC}") = "SetMapItemGame", "Assembly-CSharp-firstpass.csproj", "{BDBCB506-C964-B9ED-7B5B-F5A6B23B1906}"
EndProject
Project("{FAE04EC0-301F-11D3-BF4B-00C04F79EFBC}") = "SetMapItemGame", "Assembly-CSharp.csproj", "{99C6A9D8-2256-A2A1-456C-20D87C6D06EB}"
EndProject
Project("{FAE04EC0-301F-11D3-BF4B-00C04F79EFBC}") = "SetMapItemGame", "Assembly-CSharp-Editor-firstpass.csproj", "{70CFFC26-BCB7-9181-D09E-1091F4029770}"
EndProject
Project("{FAE04EC0-301F-11D3-BF4B-00C04F79EFBC}") = "SetMapItemGame", "Assembly-CSharp-Editor.csproj", "{DF1DBDE2-7EC7-0630-AD2E-D50AB8C67745}"
EndProject
Global
	GlobalSection(SolutionConfigurationPlatforms) = preSolution
		Debug|Any CPU = Debug|Any CPU
		Release|Any CPU = Release|Any CPU
	EndGlobalSection
	GlobalSection(ProjectConfigurationPlatforms) = postSolution
		{BDBCB506-C964-B9ED-7B5B-F5A6B23B1906}.Debug|Any CPU.ActiveCfg = Debug|Any CPU
		{BDBCB506-C964-B9ED-7B5B-F5A6B23B1906}.Debug|Any CPU.Build.0 = Debug|Any CPU
		{BDBCB506-C964-B9ED-7B5B-F5A6B23B1906}.Release|Any CPU.ActiveCfg = Release|Any CPU
		{BDBCB506-C964-B9ED-7B5B-F5A6B23B1906}.Release|Any CPU.Build.0 = Release|Any CPU
		{99C6A9D8-2256-A2A1-456C-20D87C6D06EB}.Debug|Any CPU.ActiveCfg = Debug|Any CPU
		{99C6A9D8-2256-A2A1-456C-20D87C6D06EB}.Debug|Any CPU.Build.0 = Debug|Any CPU
		{99C6A9D8-2256-A2A1-456C-20D87C6D06EB}.Release|Any CPU.ActiveCfg = Release|Any CPU
		{99C6A9D8-2256-A2A1-456C-20D87C6D06EB}.Release|Any CPU.Build.0 = Release|Any CPU
		{70CFFC26-BCB7-9181-D09E-1091F4029770}.Debug|Any CPU.ActiveCfg = Debug|Any CPU
		{70CFFC26-BCB7-9181-D09E-1091F4029770}.Debug|Any CPU.Build.0 = Debug|Any CPU
		{70CFFC26-BCB7-9181-D09E-1091F4029770}.Release|Any CPU.ActiveCfg = Release|Any CPU
		{70CFFC26-BCB7-9181-D09E-1091F4029770}.Release|Any CPU.Build.0 = Release|Any CPU
		{DF1DBDE2-7EC7-0630-AD2E-D50AB8C67745}.Debug|Any CPU.ActiveCfg = Debug|Any CPU
		{DF1DBDE2-7EC7-0630-AD2E-D50AB8C67745}.Debug|Any CPU.Build.0 = Debug|Any CPU
		{DF1DBDE2-7EC7-0630-AD2E-D50AB8C67745}.Release|Any CPU.ActiveCfg = Release|Any CPU
		{DF1DBDE2-7EC7-0630-AD2E-D50AB8C67745}.Release|Any CPU.Build.0 = Release|Any CPU
	EndGlobalSection
	GlobalSection(MonoDevelopProperties) = preSolution
		StartupItem = Assembly-CSharp.csproj
	EndGlobalSection
EndGlobal
