Microsoft Visual Studio Solution File, Format Version 11.00
# Visual Studio 2010
Project("{FAE04EC0-301F-11D3-BF4B-00C04F79EFBC}") = "myrootGameProject", "Assembly-CSharp-firstpass.csproj", "{593F30D6-1C27-5ACD-1B01-79C0C08C6283}"
EndProject
Project("{FAE04EC0-301F-11D3-BF4B-00C04F79EFBC}") = "myrootGameProject", "Assembly-CSharp.csproj", "{3D8991AB-70A2-5D84-FE9F-994325C3287F}"
EndProject
Project("{FAE04EC0-301F-11D3-BF4B-00C04F79EFBC}") = "myrootGameProject", "Assembly-CSharp-Editor-firstpass.csproj", "{90AD3C7D-2154-4DDE-CDED-AC3D62045C13}"
EndProject
Project("{FAE04EC0-301F-11D3-BF4B-00C04F79EFBC}") = "myrootGameProject", "Assembly-CSharp-Editor.csproj", "{EE9C8212-2D07-AF70-E3E3-8B73DE605CFE}"
EndProject
Global
	GlobalSection(SolutionConfigurationPlatforms) = preSolution
		Debug|Any CPU = Debug|Any CPU
		Release|Any CPU = Release|Any CPU
	EndGlobalSection
	GlobalSection(ProjectConfigurationPlatforms) = postSolution
		{593F30D6-1C27-5ACD-1B01-79C0C08C6283}.Debug|Any CPU.ActiveCfg = Debug|Any CPU
		{593F30D6-1C27-5ACD-1B01-79C0C08C6283}.Debug|Any CPU.Build.0 = Debug|Any CPU
		{593F30D6-1C27-5ACD-1B01-79C0C08C6283}.Release|Any CPU.ActiveCfg = Release|Any CPU
		{593F30D6-1C27-5ACD-1B01-79C0C08C6283}.Release|Any CPU.Build.0 = Release|Any CPU
		{3D8991AB-70A2-5D84-FE9F-994325C3287F}.Debug|Any CPU.ActiveCfg = Debug|Any CPU
		{3D8991AB-70A2-5D84-FE9F-994325C3287F}.Debug|Any CPU.Build.0 = Debug|Any CPU
		{3D8991AB-70A2-5D84-FE9F-994325C3287F}.Release|Any CPU.ActiveCfg = Release|Any CPU
		{3D8991AB-70A2-5D84-FE9F-994325C3287F}.Release|Any CPU.Build.0 = Release|Any CPU
		{90AD3C7D-2154-4DDE-CDED-AC3D62045C13}.Debug|Any CPU.ActiveCfg = Debug|Any CPU
		{90AD3C7D-2154-4DDE-CDED-AC3D62045C13}.Debug|Any CPU.Build.0 = Debug|Any CPU
		{90AD3C7D-2154-4DDE-CDED-AC3D62045C13}.Release|Any CPU.ActiveCfg = Release|Any CPU
		{90AD3C7D-2154-4DDE-CDED-AC3D62045C13}.Release|Any CPU.Build.0 = Release|Any CPU
		{EE9C8212-2D07-AF70-E3E3-8B73DE605CFE}.Debug|Any CPU.ActiveCfg = Debug|Any CPU
		{EE9C8212-2D07-AF70-E3E3-8B73DE605CFE}.Debug|Any CPU.Build.0 = Debug|Any CPU
		{EE9C8212-2D07-AF70-E3E3-8B73DE605CFE}.Release|Any CPU.ActiveCfg = Release|Any CPU
		{EE9C8212-2D07-AF70-E3E3-8B73DE605CFE}.Release|Any CPU.Build.0 = Release|Any CPU
	EndGlobalSection
	GlobalSection(MonoDevelopProperties) = preSolution
		StartupItem = Assembly-CSharp.csproj
	EndGlobalSection
EndGlobal
